
Microsoft Visual Studio Solution File, Format Version 12.00
# Visual Studio Version 16
VisualStudioVersion = 16.0.31402.337
MinimumVisualStudioVersion = 10.0.40219.1
Project("{FAE04EC0-301F-11D3-BF4B-00C04F79EFBC}") = "MYDB2.0", "MYDB2.0\MYDB2.0.csproj", "{371AAA13-9577-460D-AC1A-E17C8B3613DB}"
EndProject
Global
	GlobalSection(SolutionConfigurationPlatforms) = preSolution
		Debug|Any CPU = Debug|Any CPU
		Release|Any CPU = Release|Any CPU
	EndGlobalSection
	GlobalSection(ProjectConfigurationPlatforms) = postSolution
		{371AAA13-9577-460D-AC1A-E17C8B3613DB}.Debug|Any CPU.ActiveCfg = Debug|Any CPU
		{371AAA13-9577-460D-AC1A-E17C8B3613DB}.Debug|Any CPU.Build.0 = Debug|Any CPU
		{371AAA13-9577-460D-AC1A-E17C8B3613DB}.Release|Any CPU.ActiveCfg = Release|Any CPU
		{371AAA13-9577-460D-AC1A-E17C8B3613DB}.Release|Any CPU.Build.0 = Release|Any CPU
	EndGlobalSection
	GlobalSection(SolutionProperties) = preSolution
		HideSolutionNode = FALSE
	EndGlobalSection
	GlobalSection(ExtensibilityGlobals) = postSolution
		SolutionGuid = {5E53D2E7-4896-497A-94C8-15E8153B70E9}
	EndGlobalSection
EndGlobal
